
Microsoft Visual Studio Solution File, Format Version 12.00
# Visual Studio Version 17
VisualStudioVersion = 17.13.35828.75 d17.13
MinimumVisualStudioVersion = 10.0.40219.1
Project("{FAE04EC0-301F-11D3-BF4B-00C04F79EFBC}") = "bus-tracker-route", "bus-tracker-route\bus-tracker-route.csproj", "{5FA495DB-C7A3-496F-8B44-F30FA78C569B}"
EndProject
Global
	GlobalSection(SolutionConfigurationPlatforms) = preSolution
		Debug|Any CPU = Debug|Any CPU
		Release|Any CPU = Release|Any CPU
	EndGlobalSection
	GlobalSection(ProjectConfigurationPlatforms) = postSolution
		{5FA495DB-C7A3-496F-8B44-F30FA78C569B}.Debug|Any CPU.ActiveCfg = Debug|Any CPU
		{5FA495DB-C7A3-496F-8B44-F30FA78C569B}.Debug|Any CPU.Build.0 = Debug|Any CPU
		{5FA495DB-C7A3-496F-8B44-F30FA78C569B}.Release|Any CPU.ActiveCfg = Release|Any CPU
		{5FA495DB-C7A3-496F-8B44-F30FA78C569B}.Release|Any CPU.Build.0 = Release|Any CPU
	EndGlobalSection
	GlobalSection(SolutionProperties) = preSolution
		HideSolutionNode = FALSE
	EndGlobalSection
	GlobalSection(ExtensibilityGlobals) = postSolution
		SolutionGuid = {C5C34226-2422-4140-ACA7-B0715103822F}
	EndGlobalSection
EndGlobal
